
Microsoft Visual Studio Solution File, Format Version 12.00
# Visual Studio Version 16
VisualStudioVersion = 16.0.30503.244
MinimumVisualStudioVersion = 10.0.40219.1
Project("{FAE04EC0-301F-11D3-BF4B-00C04F79EFBC}") = "MyProject", "MyProject\MyProject.csproj", "{0EE997F3-A2D0-4B5C-A1FF-AC14F33D4BCA}"
EndProject
Global
	GlobalSection(SolutionConfigurationPlatforms) = preSolution
		Debug|Any CPU = Debug|Any CPU
		Release|Any CPU = Release|Any CPU
	EndGlobalSection
	GlobalSection(ProjectConfigurationPlatforms) = postSolution
		{0EE997F3-A2D0-4B5C-A1FF-AC14F33D4BCA}.Debug|Any CPU.ActiveCfg = Debug|Any CPU
		{0EE997F3-A2D0-4B5C-A1FF-AC14F33D4BCA}.Debug|Any CPU.Build.0 = Debug|Any CPU
		{0EE997F3-A2D0-4B5C-A1FF-AC14F33D4BCA}.Release|Any CPU.ActiveCfg = Release|Any CPU
		{0EE997F3-A2D0-4B5C-A1FF-AC14F33D4BCA}.Release|Any CPU.Build.0 = Release|Any CPU
	EndGlobalSection
	GlobalSection(SolutionProperties) = preSolution
		HideSolutionNode = FALSE
	EndGlobalSection
	GlobalSection(ExtensibilityGlobals) = postSolution
		SolutionGuid = {118B7911-2419-41A6-A129-B58FAACD1AA2}
	EndGlobalSection
EndGlobal
